// !$*UTF8*$!
{
	archiveVersion = 1;
	classes = {
	};
	objectVersion = 50;
	objects = {

/* Begin PBXBuildFile section */
		ED8705542119F1AD00701415 /* AppDelegate.swift in Sources */ = {isa = PBXBuildFile; fileRef = ED8705532119F1AD00701415 /* AppDelegate.swift */; };
		ED8705562119F1AD00701415 /* ViewController.swift in Sources */ = {isa = PBXBuildFile; fileRef = ED8705552119F1AD00701415 /* ViewController.swift */; };
		ED8705592119F1AD00701415 /* Main.storyboard in Resources */ = {isa = PBXBuildFile; fileRef = ED8705572119F1AD00701415 /* Main.storyboard */; };
		ED87055B2119F1AE00701415 /* Assets.xcassets in Resources */ = {isa = PBXBuildFile; fileRef = ED87055A2119F1AE00701415 /* Assets.xcassets */; };
		ED87055E2119F1AE00701415 /* LaunchScreen.storyboard in Resources */ = {isa = PBXBuildFile; fileRef = ED87055C2119F1AE00701415 /* LaunchScreen.storyboard */; };
		ED8705692119F1AE00701415 /* ClickCounterGameTests.swift in Sources */ = {isa = PBXBuildFile; fileRef = ED8705682119F1AE00701415 /* ClickCounterGameTests.swift */; };
		ED8705742119F1AE00701415 /* ClickCounterGameUITests.swift in Sources */ = {isa = PBXBuildFile; fileRef = ED8705732119F1AE00701415 /* ClickCounterGameUITests.swift */; };
/* End PBXBuildFile section */

/* Begin PBXContainerItemProxy section */
		ED8705652119F1AE00701415 /* PBXContainerItemProxy */ = {
			isa = PBXContainerItemProxy;
			containerPortal = ED8705482119F1AD00701415 /* Project object */;
			proxyType = 1;
			remoteGlobalIDString = ED87054F2119F1AD00701415;
			remoteInfo = ClickCounterGame;
		};
		ED8705702119F1AE00701415 /* PBXContainerItemProxy */ = {
			isa = PBXContainerItemProxy;
			containerPortal = ED8705482119F1AD00701415 /* Project object */;
			proxyType = 1;
			remoteGlobalIDString = ED87054F2119F1AD00701415;
			remoteInfo = ClickCounterGame;
		};
/* End PBXContainerItemProxy section */

/* Begin PBXFileReference section */
		ED8705502119F1AD00701415 /* ClickCounterGame.app */ = {isa = PBXFileReference; explicitFileType = wrapper.application; includeInIndex = 0; path = ClickCounterGame.app; sourceTree = BUILT_PRODUCTS_DIR; };
		ED8705532119F1AD00701415 /* AppDelegate.swift */ = {isa = PBXFileReference; lastKnownFileType = sourcecode.swift; path = AppDelegate.swift; sourceTree = "<group>"; };
		ED8705552119F1AD00701415 /* ViewController.swift */ = {isa = PBXFileReference; lastKnownFileType = sourcecode.swift; path = ViewController.swift; sourceTree = "<group>"; };
		ED8705582119F1AD00701415 /* Base */ = {isa = PBXFileReference; lastKnownFileType = file.storyboard; name = Base; path = Base.lproj/Main.storyboard; sourceTree = "<group>"; };
		ED87055A2119F1AE00701415 /* Assets.xcassets */ = {isa = PBXFileReference; lastKnownFileType = folder.assetcatalog; path = Assets.xcassets; sourceTree = "<group>"; };
		ED87055D2119F1AE00701415 /* Base */ = {isa = PBXFileReference; lastKnownFileType = file.storyboard; name = Base; path = Base.lproj/LaunchScreen.storyboard; sourceTree = "<group>"; };
		ED87055F2119F1AE00701415 /* Info.plist */ = {isa = PBXFileReference; lastKnownFileType = text.plist.xml; path = Info.plist; sourceTree = "<group>"; };
		ED8705642119F1AE00701415 /* ClickCounterGameTests.xctest */ = {isa = PBXFileReference; explicitFileType = wrapper.cfbundle; includeInIndex = 0; path = ClickCounterGameTests.xctest; sourceTree = BUILT_PRODUCTS_DIR; };
		ED8705682119F1AE00701415 /* ClickCounterGameTests.swift */ = {isa = PBXFileReference; lastKnownFileType = sourcecode.swift; path = ClickCounterGameTests.swift; sourceTree = "<group>"; };
		ED87056A2119F1AE00701415 /* Info.plist */ = {isa = PBXFileReference; lastKnownFileType = text.plist.xml; path = Info.plist; sourceTree = "<group>"; };
		ED87056F2119F1AE00701415 /* ClickCounterGameUITests.xctest */ = {isa = PBXFileReference; explicitFileType = wrapper.cfbundle; includeInIndex = 0; path = ClickCounterGameUITests.xctest; sourceTree = BUILT_PRODUCTS_DIR; };
		ED8705732119F1AE00701415 /* ClickCounterGameUITests.swift */ = {isa = PBXFileReference; lastKnownFileType = sourcecode.swift; path = ClickCounterGameUITests.swift; sourceTree = "<group>"; };
		ED8705752119F1AE00701415 /* Info.plist */ = {isa = PBXFileReference; lastKnownFileType = text.plist.xml; path = Info.plist; sourceTree = "<group>"; };
/* End PBXFileReference section */

/* Begin PBXFrameworksBuildPhase section */
		ED87054D2119F1AD00701415 /* Frameworks */ = {
			isa = PBXFrameworksBuildPhase;
			buildActionMask = 2147483647;
			files = (
			);
			runOnlyForDeploymentPostprocessing = 0;
		};
		ED8705612119F1AE00701415 /* Frameworks */ = {
			isa = PBXFrameworksBuildPhase;
			buildActionMask = 2147483647;
			files = (
			);
			runOnlyForDeploymentPostprocessing = 0;
		};
		ED87056C2119F1AE00701415 /* Frameworks */ = {
			isa = PBXFrameworksBuildPhase;
			buildActionMask = 2147483647;
			files = (
			);
			runOnlyForDeploymentPostprocessing = 0;
		};
/* End PBXFrameworksBuildPhase section */

/* Begin PBXGroup section */
		ED8705472119F1AD00701415 = {
			isa = PBXGroup;
			children = (
				ED8705522119F1AD00701415 /* ClickCounterGame */,
				ED8705672119F1AE00701415 /* ClickCounterGameTests */,
				ED8705722119F1AE00701415 /* ClickCounterGameUITests */,
				ED8705512119F1AD00701415 /* Products */,
			);
			sourceTree = "<group>";
		};
		ED8705512119F1AD00701415 /* Products */ = {
			isa = PBXGroup;
			children = (
				ED8705502119F1AD00701415 /* ClickCounterGame.app */,
				ED8705642119F1AE00701415 /* ClickCounterGameTests.xctest */,
				ED87056F2119F1AE00701415 /* ClickCounterGameUITests.xctest */,
			);
			name = Products;
			sourceTree = "<group>";
		};
		ED8705522119F1AD00701415 /* ClickCounterGame */ = {
			isa = PBXGroup;
			children = (
				ED8705532119F1AD00701415 /* AppDelegate.swift */,
				ED8705552119F1AD00701415 /* ViewController.swift */,
				ED8705572119F1AD00701415 /* Main.storyboard */,
				ED87055A2119F1AE00701415 /* Assets.xcassets */,
				ED87055C2119F1AE00701415 /* LaunchScreen.storyboard */,
				ED87055F2119F1AE00701415 /* Info.plist */,
			);
			path = ClickCounterGame;
			sourceTree = "<group>";
		};
		ED8705672119F1AE00701415 /* ClickCounterGameTests */ = {
			isa = PBXGroup;
			children = (
				ED8705682119F1AE00701415 /* ClickCounterGameTests.swift */,
				ED87056A2119F1AE00701415 /* Info.plist */,
			);
			path = ClickCounterGameTests;
			sourceTree = "<group>";
		};
		ED8705722119F1AE00701415 /* ClickCounterGameUITests */ = {
			isa = PBXGroup;
			children = (
				ED8705732119F1AE00701415 /* ClickCounterGameUITests.swift */,
				ED8705752119F1AE00701415 /* Info.plist */,
			);
			path = ClickCounterGameUITests;
			sourceTree = "<group>";
		};
/* End PBXGroup section */

/* Begin PBXNativeTarget section */
		ED87054F2119F1AD00701415 /* ClickCounterGame */ = {
			isa = PBXNativeTarget;
			buildConfigurationList = ED8705782119F1AE00701415 /* Build configuration list for PBXNativeTarget "ClickCounterGame" */;
			buildPhases = (
				ED87054C2119F1AD00701415 /* Sources */,
				ED87054D2119F1AD00701415 /* Frameworks */,
				ED87054E2119F1AD00701415 /* Resources */,
			);
			buildRules = (
			);
			dependencies = (
			);
			name = ClickCounterGame;
			productName = ClickCounterGame;
			productReference = ED8705502119F1AD00701415 /* ClickCounterGame.app */;
			productType = "com.apple.product-type.application";
		};
		ED8705632119F1AE00701415 /* ClickCounterGameTests */ = {
			isa = PBXNativeTarget;
			buildConfigurationList = ED87057B2119F1AE00701415 /* Build configuration list for PBXNativeTarget "ClickCounterGameTests" */;
			buildPhases = (
				ED8705602119F1AE00701415 /* Sources */,
				ED8705612119F1AE00701415 /* Frameworks */,
				ED8705622119F1AE00701415 /* Resources */,
			);
			buildRules = (
			);
			dependencies = (
				ED8705662119F1AE00701415 /* PBXTargetDependency */,
			);
			name = ClickCounterGameTests;
			productName = ClickCounterGameTests;
			productReference = ED8705642119F1AE00701415 /* ClickCounterGameTests.xctest */;
			productType = "com.apple.product-type.bundle.unit-test";
		};
		ED87056E2119F1AE00701415 /* ClickCounterGameUITests */ = {
			isa = PBXNativeTarget;
			buildConfigurationList = ED87057E2119F1AE00701415 /* Build configuration list for PBXNativeTarget "ClickCounterGameUITests" */;
			buildPhases = (
				ED87056B2119F1AE00701415 /* Sources */,
				ED87056C2119F1AE00701415 /* Frameworks */,
				ED87056D2119F1AE00701415 /* Resources */,
			);
			buildRules = (
			);
			dependencies = (
				ED8705712119F1AE00701415 /* PBXTargetDependency */,
			);
			name = ClickCounterGameUITests;
			productName = ClickCounterGameUITests;
			productReference = ED87056F2119F1AE00701415 /* ClickCounterGameUITests.xctest */;
			productType = "com.apple.product-type.bundle.ui-testing";
		};
/* End PBXNativeTarget section */

/* Begin PBXProject section */
		ED8705482119F1AD00701415 /* Project object */ = {
			isa = PBXProject;
			attributes = {
				LastSwiftUpdateCheck = 0940;
				LastUpgradeCheck = 0940;
				ORGANIZATIONNAME = "Alwin Ventura";
				TargetAttributes = {
					ED87054F2119F1AD00701415 = {
						CreatedOnToolsVersion = 9.4.1;
					};
					ED8705632119F1AE00701415 = {
						CreatedOnToolsVersion = 9.4.1;
						TestTargetID = ED87054F2119F1AD00701415;
					};
					ED87056E2119F1AE00701415 = {
						CreatedOnToolsVersion = 9.4.1;
						TestTargetID = ED87054F2119F1AD00701415;
					};
				};
			};
			buildConfigurationList = ED87054B2119F1AD00701415 /* Build configuration list for PBXProject "ClickCounterGame" */;
			compatibilityVersion = "Xcode 9.3";
			developmentRegion = en;
			hasScannedForEncodings = 0;
			knownRegions = (
				en,
				Base,
			);
			mainGroup = ED8705472119F1AD00701415;
			productRefGroup = ED8705512119F1AD00701415 /* Products */;
			projectDirPath = "";
			projectRoot = "";
			targets = (
				ED87054F2119F1AD00701415 /* ClickCounterGame */,
				ED8705632119F1AE00701415 /* ClickCounterGameTests */,
				ED87056E2119F1AE00701415 /* ClickCounterGameUITests */,
			);
		};
/* End PBXProject section */

/* Begin PBXResourcesBuildPhase section */
		ED87054E2119F1AD00701415 /* Resources */ = {
			isa = PBXResourcesBuildPhase;
			buildActionMask = 2147483647;
			files = (
				ED87055E2119F1AE00701415 /* LaunchScreen.storyboard in Resources */,
				ED87055B2119F1AE00701415 /* Assets.xcassets in Resources */,
				ED8705592119F1AD00701415 /* Main.storyboard in Resources */,
			);
			runOnlyForDeploymentPostprocessing = 0;
		};
		ED8705622119F1AE00701415 /* Resources */ = {
			isa = PBXResourcesBuildPhase;
			buildActionMask = 2147483647;
			files = (
			);
			runOnlyForDeploymentPostprocessing = 0;
		};
		ED87056D2119F1AE00701415 /* Resources */ = {
			isa = PBXResourcesBuildPhase;
			buildActionMask = 2147483647;
			files = (
			);
			runOnlyForDeploymentPostprocessing = 0;
		};
/* End PBXResourcesBuildPhase section */

/* Begin PBXSourcesBuildPhase section */
		ED87054C2119F1AD00701415 /* Sources */ = {
			isa = PBXSourcesBuildPhase;
			buildActionMask = 2147483647;
			files = (
				ED8705562119F1AD00701415 /* ViewController.swift in Sources */,
				ED8705542119F1AD00701415 /* AppDelegate.swift in Sources */,
			);
			runOnlyForDeploymentPostprocessing = 0;
		};
		ED8705602119F1AE00701415 /* Sources */ = {
			isa = PBXSourcesBuildPhase;
			buildActionMask = 2147483647;
			files = (
				ED8705692119F1AE00701415 /* ClickCounterGameTests.swift in Sources */,
			);
			runOnlyForDeploymentPostprocessing = 0;
		};
		ED87056B2119F1AE00701415 /* Sources */ = {
			isa = PBXSourcesBuildPhase;
			buildActionMask = 2147483647;
			files = (
				ED8705742119F1AE00701415 /* ClickCounterGameUITests.swift in Sources */,
			);
			runOnlyForDeploymentPostprocessing = 0;
		};
/* End PBXSourcesBuildPhase section */

/* Begin PBXTargetDependency section */
		ED8705662119F1AE00701415 /* PBXTargetDependency */ = {
			isa = PBXTargetDependency;
			target = ED87054F2119F1AD00701415 /* ClickCounterGame */;
			targetProxy = ED8705652119F1AE00701415 /* PBXContainerItemProxy */;
		};
		ED8705712119F1AE00701415 /* PBXTargetDependency */ = {
			isa = PBXTargetDependency;
			target = ED87054F2119F1AD00701415 /* ClickCounterGame */;
			targetProxy = ED8705702119F1AE00701415 /* PBXContainerItemProxy */;
		};
/* End PBXTargetDependency section */

/* Begin PBXVariantGroup section */
		ED8705572119F1AD00701415 /* Main.storyboard */ = {
			isa = PBXVariantGroup;
			children = (
				ED8705582119F1AD00701415 /* Base */,
			);
			name = Main.storyboard;
			sourceTree = "<group>";
		};
		ED87055C2119F1AE00701415 /* LaunchScreen.storyboard */ = {
			isa = PBXVariantGroup;
			children = (
				ED87055D2119F1AE00701415 /* Base */,
			);
			name = LaunchScreen.storyboard;
			sourceTree = "<group>";
		};
/* End PBXVariantGroup section */

/* Begin XCBuildConfiguration section */
		ED8705762119F1AE00701415 /* Debug */ = {
			isa = XCBuildConfiguration;
			buildSettings = {
				ALWAYS_SEARCH_USER_PATHS = NO;
				CLANG_ANALYZER_NONNULL = YES;
				CLANG_ANALYZER_NUMBER_OBJECT_CONVERSION = YES_AGGRESSIVE;
				CLANG_CXX_LANGUAGE_STANDARD = "gnu++14";
				CLANG_CXX_LIBRARY = "libc++";
				CLANG_ENABLE_MODULES = YES;
				CLANG_ENABLE_OBJC_ARC = YES;
				CLANG_ENABLE_OBJC_WEAK = YES;
				CLANG_WARN_BLOCK_CAPTURE_AUTORELEASING = YES;
				CLANG_WARN_BOOL_CONVERSION = YES;
				CLANG_WARN_COMMA = YES;
				CLANG_WARN_CONSTANT_CONVERSION = YES;
				CLANG_WARN_DEPRECATED_OBJC_IMPLEMENTATIONS = YES;
				CLANG_WARN_DIRECT_OBJC_ISA_USAGE = YES_ERROR;
				CLANG_WARN_DOCUMENTATION_COMMENTS = YES;
				CLANG_WARN_EMPTY_BODY = YES;
				CLANG_WARN_ENUM_CONVERSION = YES;
				CLANG_WARN_INFINITE_RECURSION = YES;
				CLANG_WARN_INT_CONVERSION = YES;
				CLANG_WARN_NON_LITERAL_NULL_CONVERSION = YES;
				CLANG_WARN_OBJC_IMPLICIT_RETAIN_SELF = YES;
				CLANG_WARN_OBJC_LITERAL_CONVERSION = YES;
				CLANG_WARN_OBJC_ROOT_CLASS = YES_ERROR;
				CLANG_WARN_RANGE_LOOP_ANALYSIS = YES;
				CLANG_WARN_STRICT_PROTOTYPES = YES;
				CLANG_WARN_SUSPICIOUS_MOVE = YES;
				CLANG_WARN_UNGUARDED_AVAILABILITY = YES_AGGRESSIVE;
				CLANG_WARN_UNREACHABLE_CODE = YES;
				CLANG_WARN__DUPLICATE_METHOD_MATCH = YES;
				CODE_SIGN_IDENTITY = "iPhone Developer";
				COPY_PHASE_STRIP = NO;
				DEBUG_INFORMATION_FORMAT = dwarf;
				ENABLE_STRICT_OBJC_MSGSEND = YES;
				ENABLE_TESTABILITY = YES;
				GCC_C_LANGUAGE_STANDARD = gnu11;
				GCC_DYNAMIC_NO_PIC = NO;
				GCC_NO_COMMON_BLOCKS = YES;
				GCC_OPTIMIZATION_LEVEL = 0;
				GCC_PREPROCESSOR_DEFINITIONS = (
					"DEBUG=1",
					"$(inherited)",
				);
				GCC_WARN_64_TO_32_BIT_CONVERSION = YES;
				GCC_WARN_ABOUT_RETURN_TYPE = YES_ERROR;
				GCC_WARN_UNDECLARED_SELECTOR = YES;
				GCC_WARN_UNINITIALIZED_AUTOS = YES_AGGRESSIVE;
				GCC_WARN_UNUSED_FUNCTION = YES;
				GCC_WARN_UNUSED_VARIABLE = YES;
				IPHONEOS_DEPLOYMENT_TARGET = 11.4;
				MTL_ENABLE_DEBUG_INFO = YES;
				ONLY_ACTIVE_ARCH = YES;
				SDKROOT = iphoneos;
				SWIFT_ACTIVE_COMPILATION_CONDITIONS = DEBUG;
				SWIFT_OPTIMIZATION_LEVEL = "-Onone";
			};
			name = Debug;
		};
		ED8705772119F1AE00701415 /* Release */ = {
			isa = XCBuildConfiguration;
			buildSettings = {
				ALWAYS_SEARCH_USER_PATHS = NO;
				CLANG_ANALYZER_NONNULL = YES;
				CLANG_ANALYZER_NUMBER_OBJECT_CONVERSION = YES_AGGRESSIVE;
				CLANG_CXX_LANGUAGE_STANDARD = "gnu++14";
				CLANG_CXX_LIBRARY = "libc++";
				CLANG_ENABLE_MODULES = YES;
				CLANG_ENABLE_OBJC_ARC = YES;
				CLANG_ENABLE_OBJC_WEAK = YES;
				CLANG_WARN_BLOCK_CAPTURE_AUTORELEASING = YES;
				CLANG_WARN_BOOL_CONVERSION = YES;
				CLANG_WARN_COMMA = YES;
				CLANG_WARN_CONSTANT_CONVERSION = YES;
				CLANG_WARN_DEPRECATED_OBJC_IMPLEMENTATIONS = YES;
				CLANG_WARN_DIRECT_OBJC_ISA_USAGE = YES_ERROR;
				CLANG_WARN_DOCUMENTATION_COMMENTS = YES;
				CLANG_WARN_EMPTY_BODY = YES;
				CLANG_WARN_ENUM_CONVERSION = YES;
				CLANG_WARN_INFINITE_RECURSION = YES;
				CLANG_WARN_INT_CONVERSION = YES;
				CLANG_WARN_NON_LITERAL_NULL_CONVERSION = YES;
				CLANG_WARN_OBJC_IMPLICIT_RETAIN_SELF = YES;
				CLANG_WARN_OBJC_LITERAL_CONVERSION = YES;
				CLANG_WARN_OBJC_ROOT_CLASS = YES_ERROR;
				CLANG_WARN_RANGE_LOOP_ANALYSIS = YES;
				CLANG_WARN_STRICT_PROTOTYPES = YES;
				CLANG_WARN_SUSPICIOUS_MOVE = YES;
				CLANG_WARN_UNGUARDED_AVAILABILITY = YES_AGGRESSIVE;
				CLANG_WARN_UNREACHABLE_CODE = YES;
				CLANG_WARN__DUPLICATE_METHOD_MATCH = YES;
				CODE_SIGN_IDENTITY = "iPhone Developer";
				COPY_PHASE_STRIP = NO;
				DEBUG_INFORMATION_FORMAT = "dwarf-with-dsym";
				ENABLE_NS_ASSERTIONS = NO;
				ENABLE_STRICT_OBJC_MSGSEND = YES;
				GCC_C_LANGUAGE_STANDARD = gnu11;
				GCC_NO_COMMON_BLOCKS = YES;
				GCC_WARN_64_TO_32_BIT_CONVERSION = YES;
				GCC_WARN_ABOUT_RETURN_TYPE = YES_ERROR;
				GCC_WARN_UNDECLARED_SELECTOR = YES;
				GCC_WARN_UNINITIALIZED_AUTOS = YES_AGGRESSIVE;
				GCC_WARN_UNUSED_FUNCTION = YES;
				GCC_WARN_UNUSED_VARIABLE = YES;
				IPHONEOS_DEPLOYMENT_TARGET = 11.4;
				MTL_ENABLE_DEBUG_INFO = NO;
				SDKROOT = iphoneos;
				SWIFT_COMPILATION_MODE = wholemodule;
				SWIFT_OPTIMIZATION_LEVEL = "-O";
				VALIDATE_PRODUCT = YES;
			};
			name = Release;
		};
		ED8705792119F1AE00701415 /* Debug */ = {
			isa = XCBuildConfiguration;
			buildSettings = {
				ASSETCATALOG_COMPILER_APPICON_NAME = AppIcon;
				CODE_SIGN_STYLE = Automatic;
				DEVELOPMENT_TEAM = 488A63A7XF;
				INFOPLIST_FILE = ClickCounterGame/Info.plist;
				LD_RUNPATH_SEARCH_PATHS = (
					"$(inherited)",
					"@executable_path/Frameworks",
				);
				PRODUCT_BUNDLE_IDENTIFIER = com.example.ClickCounterGame;
				PRODUCT_NAME = "$(TARGET_NAME)";
				SWIFT_VERSION = 4.0;
				TARGETED_DEVICE_FAMILY = "1,2";
			};
			name = Debug;
		};
		ED87057A2119F1AE00701415 /* Release */ = {
			isa = XCBuildConfiguration;
			buildSettings = {
				ASSETCATALOG_COMPILER_APPICON_NAME = AppIcon;
				CODE_SIGN_STYLE = Automatic;
				DEVELOPMENT_TEAM = 488A63A7XF;
				INFOPLIST_FILE = ClickCounterGame/Info.plist;
				LD_RUNPATH_SEARCH_PATHS = (
					"$(inherited)",
					"@executable_path/Frameworks",
				);
				PRODUCT_BUNDLE_IDENTIFIER = com.example.ClickCounterGame;
				PRODUCT_NAME = "$(TARGET_NAME)";
				SWIFT_VERSION = 4.0;
				TARGETED_DEVICE_FAMILY = "1,2";
			};
			name = Release;
		};
		ED87057C2119F1AE00701415 /* Debug */ = {
			isa = XCBuildConfiguration;
			buildSettings = {
				ALWAYS_EMBED_SWIFT_STANDARD_LIBRARIES = YES;
				BUNDLE_LOADER = "$(TEST_HOST)";
				CODE_SIGN_STYLE = Automatic;
				INFOPLIST_FILE = ClickCounterGameTests/Info.plist;
				LD_RUNPATH_SEARCH_PATHS = (
					"$(inherited)",
					"@executable_path/Frameworks",
					"@loader_path/Frameworks",
				);
				PRODUCT_BUNDLE_IDENTIFIER = com.example.ClickCounterGameTests;
				PRODUCT_NAME = "$(TARGET_NAME)";
				SWIFT_VERSION = 4.0;
				TARGETED_DEVICE_FAMILY = "1,2";
				TEST_HOST = "$(BUILT_PRODUCTS_DIR)/ClickCounterGame.app/ClickCounterGame";
			};
			name = Debug;
		};
		ED87057D2119F1AE00701415 /* Release */ = {
			isa = XCBuildConfiguration;
			buildSettings = {
				ALWAYS_EMBED_SWIFT_STANDARD_LIBRARIES = YES;
				BUNDLE_LOADER = "$(TEST_HOST)";
				CODE_SIGN_STYLE = Automatic;
				INFOPLIST_FILE = ClickCounterGameTests/Info.plist;
				LD_RUNPATH_SEARCH_PATHS = (
					"$(inherited)",
					"@executable_path/Frameworks",
					"@loader_path/Frameworks",
				);
				PRODUCT_BUNDLE_IDENTIFIER = com.example.ClickCounterGameTests;
				PRODUCT_NAME = "$(TARGET_NAME)";
				SWIFT_VERSION = 4.0;
				TARGETED_DEVICE_FAMILY = "1,2";
				TEST_HOST = "$(BUILT_PRODUCTS_DIR)/ClickCounterGame.app/ClickCounterGame";
			};
			name = Release;
		};
		ED87057F2119F1AE00701415 /* Debug */ = {
			isa = XCBuildConfiguration;
			buildSettings = {
				ALWAYS_EMBED_SWIFT_STANDARD_LIBRARIES = YES;
				CODE_SIGN_STYLE = Automatic;
				INFOPLIST_FILE = ClickCounterGameUITests/Info.plist;
				LD_RUNPATH_SEARCH_PATHS = (
					"$(inherited)",
					"@executable_path/Frameworks",
					"@loader_path/Frameworks",
				);
				PRODUCT_BUNDLE_IDENTIFIER = com.example.ClickCounterGameUITests;
				PRODUCT_NAME = "$(TARGET_NAME)";
				SWIFT_VERSION = 4.0;
				TARGETED_DEVICE_FAMILY = "1,2";
				TEST_TARGET_NAME = ClickCounterGame;
			};
			name = Debug;
		};
		ED8705802119F1AE00701415 /* Release */ = {
			isa = XCBuildConfiguration;
			buildSettings = {
				ALWAYS_EMBED_SWIFT_STANDARD_LIBRARIES = YES;
				CODE_SIGN_STYLE = Automatic;
				INFOPLIST_FILE = ClickCounterGameUITests/Info.plist;
				LD_RUNPATH_SEARCH_PATHS = (
					"$(inherited)",
					"@executable_path/Frameworks",
					"@loader_path/Frameworks",
				);
				PRODUCT_BUNDLE_IDENTIFIER = com.example.ClickCounterGameUITests;
				PRODUCT_NAME = "$(TARGET_NAME)";
				SWIFT_VERSION = 4.0;
				TARGETED_DEVICE_FAMILY = "1,2";
				TEST_TARGET_NAME = ClickCounterGame;
			};
			name = Release;
		};
/* End XCBuildConfiguration section */

/* Begin XCConfigurationList section */
		ED87054B2119F1AD00701415 /* Build configuration list for PBXProject "ClickCounterGame" */ = {
			isa = XCConfigurationList;
			buildConfigurations = (
				ED8705762119F1AE00701415 /* Debug */,
				ED8705772119F1AE00701415 /* Release */,
			);
			defaultConfigurationIsVisible = 0;
			defaultConfigurationName = Release;
		};
		ED8705782119F1AE00701415 /* Build configuration list for PBXNativeTarget "ClickCounterGame" */ = {
			isa = XCConfigurationList;
			buildConfigurations = (
				ED8705792119F1AE00701415 /* Debug */,
				ED87057A2119F1AE00701415 /* Release */,
			);
			defaultConfigurationIsVisible = 0;
			defaultConfigurationName = Release;
		};
		ED87057B2119F1AE00701415 /* Build configuration list for PBXNativeTarget "ClickCounterGameTests" */ = {
			isa = XCConfigurationList;
			buildConfigurations = (
				ED87057C2119F1AE00701415 /* Debug */,
				ED87057D2119F1AE00701415 /* Release */,
			);
			defaultConfigurationIsVisible = 0;
			defaultConfigurationName = Release;
		};
		ED87057E2119F1AE00701415 /* Build configuration list for PBXNativeTarget "ClickCounterGameUITests" */ = {
			isa = XCConfigurationList;
			buildConfigurations = (
				ED87057F2119F1AE00701415 /* Debug */,
				ED8705802119F1AE00701415 /* Release */,
			);
			defaultConfigurationIsVisible = 0;
			defaultConfigurationName = Release;
		};
/* End XCConfigurationList section */
	};
	rootObject = ED8705482119F1AD00701415 /* Project object */;
}
